
Microsoft Visual Studio Solution File, Format Version 12.00
# Visual Studio Version 16
VisualStudioVersion = 16.0.31005.135
MinimumVisualStudioVersion = 10.0.40219.1
Project("{FAE04EC0-301F-11D3-BF4B-00C04F79EFBC}") = "WinFormsLesson9_DragDrop", "WinFormsLesson9_DragDrop\WinFormsLesson9_DragDrop.csproj", "{2A03CB36-B2A2-4212-A4D6-A7A5B9D66631}"
EndProject
Project("{FAE04EC0-301F-11D3-BF4B-00C04F79EFBC}") = "Classwork2", "Classwork2\Classwork2.csproj", "{C00E25FC-6549-4635-8BDD-B269E314E561}"
EndProject
Global
	GlobalSection(SolutionConfigurationPlatforms) = preSolution
		Debug|Any CPU = Debug|Any CPU
		Release|Any CPU = Release|Any CPU
	EndGlobalSection
	GlobalSection(ProjectConfigurationPlatforms) = postSolution
		{2A03CB36-B2A2-4212-A4D6-A7A5B9D66631}.Debug|Any CPU.ActiveCfg = Debug|Any CPU
		{2A03CB36-B2A2-4212-A4D6-A7A5B9D66631}.Debug|Any CPU.Build.0 = Debug|Any CPU
		{2A03CB36-B2A2-4212-A4D6-A7A5B9D66631}.Release|Any CPU.ActiveCfg = Release|Any CPU
		{2A03CB36-B2A2-4212-A4D6-A7A5B9D66631}.Release|Any CPU.Build.0 = Release|Any CPU
		{C00E25FC-6549-4635-8BDD-B269E314E561}.Debug|Any CPU.ActiveCfg = Debug|Any CPU
		{C00E25FC-6549-4635-8BDD-B269E314E561}.Debug|Any CPU.Build.0 = Debug|Any CPU
		{C00E25FC-6549-4635-8BDD-B269E314E561}.Release|Any CPU.ActiveCfg = Release|Any CPU
		{C00E25FC-6549-4635-8BDD-B269E314E561}.Release|Any CPU.Build.0 = Release|Any CPU
	EndGlobalSection
	GlobalSection(SolutionProperties) = preSolution
		HideSolutionNode = FALSE
	EndGlobalSection
	GlobalSection(ExtensibilityGlobals) = postSolution
		SolutionGuid = {B3CF7ED4-8AD4-4896-9E97-8E69029D07B7}
	EndGlobalSection
EndGlobal
